
Microsoft Visual Studio Solution File, Format Version 12.00
# Visual Studio Version 17
VisualStudioVersion = 17.8.34309.116
MinimumVisualStudioVersion = 10.0.40219.1
Project("{FAE04EC0-301F-11D3-BF4B-00C04F79EFBC}") = "1156_functions", "1156_functions.csproj", "{C5719FDD-D0AA-4230-BB34-86E2784567A8}"
EndProject
Global
	GlobalSection(SolutionConfigurationPlatforms) = preSolution
		Debug|Any CPU = Debug|Any CPU
		Release|Any CPU = Release|Any CPU
	EndGlobalSection
	GlobalSection(ProjectConfigurationPlatforms) = postSolution
		{C5719FDD-D0AA-4230-BB34-86E2784567A8}.Debug|Any CPU.ActiveCfg = Debug|Any CPU
		{C5719FDD-D0AA-4230-BB34-86E2784567A8}.Debug|Any CPU.Build.0 = Debug|Any CPU
		{C5719FDD-D0AA-4230-BB34-86E2784567A8}.Release|Any CPU.ActiveCfg = Release|Any CPU
		{C5719FDD-D0AA-4230-BB34-86E2784567A8}.Release|Any CPU.Build.0 = Release|Any CPU
	EndGlobalSection
	GlobalSection(SolutionProperties) = preSolution
		HideSolutionNode = FALSE
	EndGlobalSection
	GlobalSection(ExtensibilityGlobals) = postSolution
		SolutionGuid = {8B2AC514-FF94-413F-B0F8-64CCD9F06D66}
	EndGlobalSection
EndGlobal
